{
  "name": "6.Map-App",
  "lockfileVersion": 3,
  "requires": true,
  "packages": {
    "": {
      "dependencies": {
        "@faker-js/faker": "^7.6.0",
        "@types/google.maps": "^3.55.7"
      }
    },
    "node_modules/@faker-js/faker": {
      "version": "7.6.0",
      "resolved": "https://registry.npmjs.org/@faker-js/faker/-/faker-7.6.0.tgz",
      "integrity": "sha512-XK6BTq1NDMo9Xqw/YkYyGjSsg44fbNwYRx7QK2CuoQgyy+f1rrTDHoExVM5PsyXCtfl2vs2vVJ0MN0yN6LppRw==",
      "engines": {
        "node": ">=14.0.0",
        "npm": ">=6.0.0"
      }
    },
    "node_modules/@types/google.maps": {
      "version": "3.55.7",
      "resolved": "https://registry.npmjs.org/@types/google.maps/-/google.maps-3.55.7.tgz",
      "integrity": "sha512-SlWFx0vo7RSAOC63+PTz8FeqLDaRYs7PrS/L0bZSKswxIN5TnCuckbeIwZpgD/S+DWalPteXfDbg5JsUER5Cyw=="
    }
  }
}
